
Microsoft Visual Studio Solution File, Format Version 12.00
# Visual Studio Version 16
VisualStudioVersion = 16.0.31321.278
MinimumVisualStudioVersion = 10.0.40219.1
Project("{FAE04EC0-301F-11D3-BF4B-00C04F79EFBC}") = "GTAVPedDB", "GTAVPedDB.csproj", "{8AB1ED9A-7F27-4331-94DC-59CA175203EF}"
EndProject
Global
	GlobalSection(SolutionConfigurationPlatforms) = preSolution
		Debug|Any CPU = Debug|Any CPU
		Release|Any CPU = Release|Any CPU
	EndGlobalSection
	GlobalSection(ProjectConfigurationPlatforms) = postSolution
		{8AB1ED9A-7F27-4331-94DC-59CA175203EF}.Debug|Any CPU.ActiveCfg = Debug|Any CPU
		{8AB1ED9A-7F27-4331-94DC-59CA175203EF}.Debug|Any CPU.Build.0 = Debug|Any CPU
		{8AB1ED9A-7F27-4331-94DC-59CA175203EF}.Release|Any CPU.ActiveCfg = Release|Any CPU
		{8AB1ED9A-7F27-4331-94DC-59CA175203EF}.Release|Any CPU.Build.0 = Release|Any CPU
	EndGlobalSection
	GlobalSection(SolutionProperties) = preSolution
		HideSolutionNode = FALSE
	EndGlobalSection
	GlobalSection(ExtensibilityGlobals) = postSolution
		SolutionGuid = {A8E2ADD6-6CD2-4E29-916E-062DA35CE719}
	EndGlobalSection
EndGlobal
